
Microsoft Visual Studio Solution File, Format Version 12.00
# Visual Studio Version 16
VisualStudioVersion = 16.0.31205.134
MinimumVisualStudioVersion = 10.0.40219.1
Project("{9A19103F-16F7-4668-BE54-9A1E7A4F7556}") = "TollRoad", "TollRoad\TollRoad.csproj", "{B8697631-5F34-4BCC-A031-BADE59BFF63E}"
EndProject
Project("{9A19103F-16F7-4668-BE54-9A1E7A4F7556}") = "TollRoad.Tests", "TollRoad.Tests\TollRoad.Tests.csproj", "{D2D13D90-9814-48E3-8044-7CE67E8F0C3F}"
EndProject
Project("{FAE04EC0-301F-11D3-BF4B-00C04F79EFBC}") = "TollRoadInterface", "TollRoadInterface\TollRoadInterface.csproj", "{336E6613-C27C-487A-B714-0643E11DAB94}"
EndProject
Global
	GlobalSection(SolutionConfigurationPlatforms) = preSolution
		Debug|Any CPU = Debug|Any CPU
		Release|Any CPU = Release|Any CPU
	EndGlobalSection
	GlobalSection(ProjectConfigurationPlatforms) = postSolution
		{B8697631-5F34-4BCC-A031-BADE59BFF63E}.Debug|Any CPU.ActiveCfg = Debug|Any CPU
		{B8697631-5F34-4BCC-A031-BADE59BFF63E}.Debug|Any CPU.Build.0 = Debug|Any CPU
		{B8697631-5F34-4BCC-A031-BADE59BFF63E}.Release|Any CPU.ActiveCfg = Release|Any CPU
		{B8697631-5F34-4BCC-A031-BADE59BFF63E}.Release|Any CPU.Build.0 = Release|Any CPU
		{D2D13D90-9814-48E3-8044-7CE67E8F0C3F}.Debug|Any CPU.ActiveCfg = Debug|Any CPU
		{D2D13D90-9814-48E3-8044-7CE67E8F0C3F}.Debug|Any CPU.Build.0 = Debug|Any CPU
		{D2D13D90-9814-48E3-8044-7CE67E8F0C3F}.Release|Any CPU.ActiveCfg = Release|Any CPU
		{D2D13D90-9814-48E3-8044-7CE67E8F0C3F}.Release|Any CPU.Build.0 = Release|Any CPU
		{336E6613-C27C-487A-B714-0643E11DAB94}.Debug|Any CPU.ActiveCfg = Debug|Any CPU
		{336E6613-C27C-487A-B714-0643E11DAB94}.Debug|Any CPU.Build.0 = Debug|Any CPU
		{336E6613-C27C-487A-B714-0643E11DAB94}.Release|Any CPU.ActiveCfg = Release|Any CPU
		{336E6613-C27C-487A-B714-0643E11DAB94}.Release|Any CPU.Build.0 = Release|Any CPU
	EndGlobalSection
	GlobalSection(SolutionProperties) = preSolution
		HideSolutionNode = FALSE
	EndGlobalSection
	GlobalSection(ExtensibilityGlobals) = postSolution
		SolutionGuid = {C0FFD873-9C4B-410B-8A58-2E684C65ACAC}
	EndGlobalSection
EndGlobal
